
Microsoft Visual Studio Solution File, Format Version 12.00
# Visual Studio 2012
Project("{FAE04EC0-301F-11D3-BF4B-00C04F79EFBC}") = "DM_3_SORTS", "DM_3_SORTS\DM_3_SORTS.csproj", "{1D079AD6-0C0E-4FF3-8EB4-208D4651005E}"
EndProject
Global
	GlobalSection(SolutionConfigurationPlatforms) = preSolution
		Debug|Any CPU = Debug|Any CPU
		Release|Any CPU = Release|Any CPU
	EndGlobalSection
	GlobalSection(ProjectConfigurationPlatforms) = postSolution
		{1D079AD6-0C0E-4FF3-8EB4-208D4651005E}.Debug|Any CPU.ActiveCfg = Debug|Any CPU
		{1D079AD6-0C0E-4FF3-8EB4-208D4651005E}.Debug|Any CPU.Build.0 = Debug|Any CPU
		{1D079AD6-0C0E-4FF3-8EB4-208D4651005E}.Release|Any CPU.ActiveCfg = Release|Any CPU
		{1D079AD6-0C0E-4FF3-8EB4-208D4651005E}.Release|Any CPU.Build.0 = Release|Any CPU
	EndGlobalSection
	GlobalSection(SolutionProperties) = preSolution
		HideSolutionNode = FALSE
	EndGlobalSection
EndGlobal
